
Microsoft Visual Studio Solution File, Format Version 12.00
# Visual Studio Version 16
VisualStudioVersion = 16.0.33328.57
MinimumVisualStudioVersion = 10.0.40219.1
Project("{C9674DCB-5085-4A16-B785-4C70DD1589BD}") = "Integration Services ASS_Q3", "Integration Services ASS_Q3\Integration Services ASS_Q3.dtproj", "{B7EAD842-C9CB-4D96-9290-772A26BC0A02}"
EndProject
Global
	GlobalSection(SolutionConfigurationPlatforms) = preSolution
		Development|Default = Development|Default
	EndGlobalSection
	GlobalSection(ProjectConfigurationPlatforms) = postSolution
		{B7EAD842-C9CB-4D96-9290-772A26BC0A02}.Development|Default.ActiveCfg = Development
		{B7EAD842-C9CB-4D96-9290-772A26BC0A02}.Development|Default.Build.0 = Development
	EndGlobalSection
	GlobalSection(SolutionProperties) = preSolution
		HideSolutionNode = FALSE
	EndGlobalSection
	GlobalSection(ExtensibilityGlobals) = postSolution
		SolutionGuid = {50410E0A-5147-416C-9AF0-C98C8A63F549}
	EndGlobalSection
EndGlobal
